
Microsoft Visual Studio Solution File, Format Version 12.00
# Visual Studio Version 17
VisualStudioVersion = 17.13.35931.197 d17.13
MinimumVisualStudioVersion = 10.0.40219.1
Project("{FAE04EC0-301F-11D3-BF4B-00C04F79EFBC}") = "CleanCrud.Domain", "CleanCrud.Domain\CleanCrud.Domain.csproj", "{706ADD97-9625-402B-9671-091E6983166D}"
EndProject
Project("{FAE04EC0-301F-11D3-BF4B-00C04F79EFBC}") = "CleanCrud.Application", "CleanCrud.Application\CleanCrud.Application.csproj", "{613136DC-8EF2-4E22-B873-85356C2B69CD}"
EndProject
Project("{FAE04EC0-301F-11D3-BF4B-00C04F79EFBC}") = "CleanCrud.Infrastructure", "CleanCrud.Infrastructure\CleanCrud.Infrastructure.csproj", "{CD00EB40-E276-4FCA-B234-C7221F610151}"
EndProject
Project("{2150E333-8FDC-42A3-9474-1A3956D46DE8}") = "Presentation", "Presentation", "{02EA681E-C7D8-13C7-8484-4AC65E1B71E8}"
EndProject
Project("{FAE04EC0-301F-11D3-BF4B-00C04F79EFBC}") = "CleanCrud.Presentation.WebApi", "CleanCrud.Presentation.WebApi\CleanCrud.Presentation.WebApi.csproj", "{6E8CD960-DA97-41DB-910D-A8E207C8815E}"
EndProject
Global
	GlobalSection(SolutionConfigurationPlatforms) = preSolution
		Debug|Any CPU = Debug|Any CPU
		Release|Any CPU = Release|Any CPU
	EndGlobalSection
	GlobalSection(ProjectConfigurationPlatforms) = postSolution
		{706ADD97-9625-402B-9671-091E6983166D}.Debug|Any CPU.ActiveCfg = Debug|Any CPU
		{706ADD97-9625-402B-9671-091E6983166D}.Debug|Any CPU.Build.0 = Debug|Any CPU
		{706ADD97-9625-402B-9671-091E6983166D}.Release|Any CPU.ActiveCfg = Release|Any CPU
		{706ADD97-9625-402B-9671-091E6983166D}.Release|Any CPU.Build.0 = Release|Any CPU
		{613136DC-8EF2-4E22-B873-85356C2B69CD}.Debug|Any CPU.ActiveCfg = Debug|Any CPU
		{613136DC-8EF2-4E22-B873-85356C2B69CD}.Debug|Any CPU.Build.0 = Debug|Any CPU
		{613136DC-8EF2-4E22-B873-85356C2B69CD}.Release|Any CPU.ActiveCfg = Release|Any CPU
		{613136DC-8EF2-4E22-B873-85356C2B69CD}.Release|Any CPU.Build.0 = Release|Any CPU
		{CD00EB40-E276-4FCA-B234-C7221F610151}.Debug|Any CPU.ActiveCfg = Debug|Any CPU
		{CD00EB40-E276-4FCA-B234-C7221F610151}.Debug|Any CPU.Build.0 = Debug|Any CPU
		{CD00EB40-E276-4FCA-B234-C7221F610151}.Release|Any CPU.ActiveCfg = Release|Any CPU
		{CD00EB40-E276-4FCA-B234-C7221F610151}.Release|Any CPU.Build.0 = Release|Any CPU
		{6E8CD960-DA97-41DB-910D-A8E207C8815E}.Debug|Any CPU.ActiveCfg = Debug|Any CPU
		{6E8CD960-DA97-41DB-910D-A8E207C8815E}.Debug|Any CPU.Build.0 = Debug|Any CPU
		{6E8CD960-DA97-41DB-910D-A8E207C8815E}.Release|Any CPU.ActiveCfg = Release|Any CPU
		{6E8CD960-DA97-41DB-910D-A8E207C8815E}.Release|Any CPU.Build.0 = Release|Any CPU
	EndGlobalSection
	GlobalSection(SolutionProperties) = preSolution
		HideSolutionNode = FALSE
	EndGlobalSection
	GlobalSection(NestedProjects) = preSolution
		{6E8CD960-DA97-41DB-910D-A8E207C8815E} = {02EA681E-C7D8-13C7-8484-4AC65E1B71E8}
	EndGlobalSection
	GlobalSection(ExtensibilityGlobals) = postSolution
		SolutionGuid = {9D413ECE-117F-4CFB-BD2B-04F8A5D863EC}
	EndGlobalSection
EndGlobal
